
Microsoft Visual Studio Solution File, Format Version 12.00
# Visual Studio Version 17
VisualStudioVersion = 17.5.002.0
MinimumVisualStudioVersion = 10.0.40219.1
Project("{9A19103F-16F7-4668-BE54-9A1E7A4F7556}") = "clase16-pe-JorgeLaraR", "clase16-pe-JorgeLaraR.csproj", "{33B535A0-E751-4C47-B593-6550A6D259CB}"
EndProject
Global
	GlobalSection(SolutionConfigurationPlatforms) = preSolution
		Debug|Any CPU = Debug|Any CPU
		Release|Any CPU = Release|Any CPU
	EndGlobalSection
	GlobalSection(ProjectConfigurationPlatforms) = postSolution
		{33B535A0-E751-4C47-B593-6550A6D259CB}.Debug|Any CPU.ActiveCfg = Debug|Any CPU
		{33B535A0-E751-4C47-B593-6550A6D259CB}.Debug|Any CPU.Build.0 = Debug|Any CPU
		{33B535A0-E751-4C47-B593-6550A6D259CB}.Release|Any CPU.ActiveCfg = Release|Any CPU
		{33B535A0-E751-4C47-B593-6550A6D259CB}.Release|Any CPU.Build.0 = Release|Any CPU
	EndGlobalSection
	GlobalSection(SolutionProperties) = preSolution
		HideSolutionNode = FALSE
	EndGlobalSection
	GlobalSection(ExtensibilityGlobals) = postSolution
		SolutionGuid = {0E1B4C75-3518-40D3-A277-91058B4C2154}
	EndGlobalSection
EndGlobal
